# THIS IS AN AUTOGENERATED FILE. DO NOT EDIT THIS FILE DIRECTLY.
# yarn lockfile v1


add@^2.0.6:
  version "2.0.6"
  resolved "https://registry.yarnpkg.com/add/-/add-2.0.6.tgz#248f0a9f6e5a528ef2295dbeec30532130ae2235"
  integrity sha512-j5QzrmsokwWWp6kUcJQySpbG+xfOBqqKnup3OIk1pz+kB/80SLorZ9V8zHFLO92Lcd+hbvq8bT+zOGoPkmBV0Q==

react-spinners@^0.13.4:
  version "0.13.4"
  resolved "https://registry.yarnpkg.com/react-spinners/-/react-spinners-0.13.4.tgz#20f7435e5cb3a2bde23110efa8b7dfbe485373e9"
  integrity sha512-V6IURjYOwomhdngMfuVxBp4utCF6v21sjQ6r4K2JoKl8fwXZp1UeHMBLf+2SU+cts8hAVj9rHOJ8kdT5UqqaJw==

yarn@^1.22.19:
  version "1.22.19"
  resolved "https://registry.yarnpkg.com/yarn/-/yarn-1.22.19.tgz#4ba7fc5c6e704fce2066ecbfb0b0d8976fe62447"
  integrity sha512-/0V5q0WbslqnwP91tirOvldvYISzaqhClxzyUKXYxs07yUILIs5jx/k6CFe8bvKSkds5w+eiOqta39Wk3WxdcQ==
